
Microsoft Visual Studio Solution File, Format Version 12.00
# Visual Studio Version 16
VisualStudioVersion = 16.0.28822.285
MinimumVisualStudioVersion = 10.0.40219.1
Project("{9A19103F-16F7-4668-BE54-9A1E7A4F7556}") = "BlazorDynamicList.Server", "BlazorDynamicList.Server\BlazorDynamicList.Server.csproj", "{78BF8C61-8498-41D1-84BB-3E49EB0F52EA}"
EndProject
Project("{9A19103F-16F7-4668-BE54-9A1E7A4F7556}") = "BlazorDynamicList.Client", "BlazorDynamicList.Client\BlazorDynamicList.Client.csproj", "{D3297363-3D46-41AD-BC3E-1BD99B7256AF}"
EndProject
Project("{9A19103F-16F7-4668-BE54-9A1E7A4F7556}") = "Library1", "Library1\Library1.csproj", "{266869EB-25FE-4E03-A5E3-B407A9F73652}"
EndProject
Project("{9A19103F-16F7-4668-BE54-9A1E7A4F7556}") = "Library2", "Library2\Library2.csproj", "{A91A835A-7902-49CA-843D-D66C8CC5E33E}"
EndProject
Project("{9A19103F-16F7-4668-BE54-9A1E7A4F7556}") = "BaseClasses", "BaseClasses\BaseClasses.csproj", "{F2834EBA-AF07-4486-AA50-1101FE5480ED}"
EndProject
Project("{9A19103F-16F7-4668-BE54-9A1E7A4F7556}") = "RepositoryLib", "RepositoryLib\RepositoryLib.csproj", "{016B4C6C-DA29-44A1-8890-D2FD2EB44DE5}"
EndProject
Project("{2150E333-8FDC-42A3-9474-1A3956D46DE8}") = "Solution", "Solution", "{01DBCAC5-B459-45F9-99CD-9CAEFBF6CBF8}"
	ProjectSection(SolutionItems) = preProject
		README.md = README.md
	EndProjectSection
EndProject
Global
	GlobalSection(SolutionConfigurationPlatforms) = preSolution
		Debug|Any CPU = Debug|Any CPU
		Release|Any CPU = Release|Any CPU
	EndGlobalSection
	GlobalSection(ProjectConfigurationPlatforms) = postSolution
		{78BF8C61-8498-41D1-84BB-3E49EB0F52EA}.Debug|Any CPU.ActiveCfg = Debug|Any CPU
		{78BF8C61-8498-41D1-84BB-3E49EB0F52EA}.Debug|Any CPU.Build.0 = Debug|Any CPU
		{78BF8C61-8498-41D1-84BB-3E49EB0F52EA}.Release|Any CPU.ActiveCfg = Release|Any CPU
		{78BF8C61-8498-41D1-84BB-3E49EB0F52EA}.Release|Any CPU.Build.0 = Release|Any CPU
		{D3297363-3D46-41AD-BC3E-1BD99B7256AF}.Debug|Any CPU.ActiveCfg = Debug|Any CPU
		{D3297363-3D46-41AD-BC3E-1BD99B7256AF}.Debug|Any CPU.Build.0 = Debug|Any CPU
		{D3297363-3D46-41AD-BC3E-1BD99B7256AF}.Release|Any CPU.ActiveCfg = Release|Any CPU
		{D3297363-3D46-41AD-BC3E-1BD99B7256AF}.Release|Any CPU.Build.0 = Release|Any CPU
		{266869EB-25FE-4E03-A5E3-B407A9F73652}.Debug|Any CPU.ActiveCfg = Debug|Any CPU
		{266869EB-25FE-4E03-A5E3-B407A9F73652}.Debug|Any CPU.Build.0 = Debug|Any CPU
		{266869EB-25FE-4E03-A5E3-B407A9F73652}.Release|Any CPU.ActiveCfg = Release|Any CPU
		{266869EB-25FE-4E03-A5E3-B407A9F73652}.Release|Any CPU.Build.0 = Release|Any CPU
		{A91A835A-7902-49CA-843D-D66C8CC5E33E}.Debug|Any CPU.ActiveCfg = Debug|Any CPU
		{A91A835A-7902-49CA-843D-D66C8CC5E33E}.Debug|Any CPU.Build.0 = Debug|Any CPU
		{A91A835A-7902-49CA-843D-D66C8CC5E33E}.Release|Any CPU.ActiveCfg = Release|Any CPU
		{A91A835A-7902-49CA-843D-D66C8CC5E33E}.Release|Any CPU.Build.0 = Release|Any CPU
		{F2834EBA-AF07-4486-AA50-1101FE5480ED}.Debug|Any CPU.ActiveCfg = Debug|Any CPU
		{F2834EBA-AF07-4486-AA50-1101FE5480ED}.Debug|Any CPU.Build.0 = Debug|Any CPU
		{F2834EBA-AF07-4486-AA50-1101FE5480ED}.Release|Any CPU.ActiveCfg = Release|Any CPU
		{F2834EBA-AF07-4486-AA50-1101FE5480ED}.Release|Any CPU.Build.0 = Release|Any CPU
		{016B4C6C-DA29-44A1-8890-D2FD2EB44DE5}.Debug|Any CPU.ActiveCfg = Debug|Any CPU
		{016B4C6C-DA29-44A1-8890-D2FD2EB44DE5}.Debug|Any CPU.Build.0 = Debug|Any CPU
		{016B4C6C-DA29-44A1-8890-D2FD2EB44DE5}.Release|Any CPU.ActiveCfg = Release|Any CPU
		{016B4C6C-DA29-44A1-8890-D2FD2EB44DE5}.Release|Any CPU.Build.0 = Release|Any CPU
	EndGlobalSection
	GlobalSection(SolutionProperties) = preSolution
		HideSolutionNode = FALSE
	EndGlobalSection
	GlobalSection(ExtensibilityGlobals) = postSolution
		SolutionGuid = {CE357B13-8353-40E7-9213-B08751F057E2}
	EndGlobalSection
EndGlobal
